PODS:
  - Alamofire (4.5.0)
  - PromiseKit (4.2.2):
    - PromiseKit/Foundation (= 4.2.2)
    - PromiseKit/QuartzCore (= 4.2.2)
    - PromiseKit/UIKit (= 4.2.2)
  - PromiseKit/Alamofire (4.2.2):
    - Alamofire (~> 4.0)
    - PromiseKit/CorePromise
  - PromiseKit/CorePromise (4.2.2)
  - PromiseKit/Foundation (4.2.2):
    - PromiseKit/CorePromise
  - PromiseKit/QuartzCore (4.2.2):
    - PromiseKit/CorePromise
  - PromiseKit/UIKit (4.2.2):
    - PromiseKit/CorePromise
  - SwiftyJSON (3.1.4)

DEPENDENCIES:
  - Alamofire
  - PromiseKit (~> 4.2.2)
  - PromiseKit/Alamofire
  - SwiftyJSON

SPEC CHECKSUMS:
  Alamofire: f28cdffd29de33a7bfa022cbd63ae95a27fae140
  PromiseKit: 00e8886881f151c7e573d06b437915b0bb2970ec
  SwiftyJSON: c2842d878f95482ffceec5709abc3d05680c0220

PODFILE CHECKSUM: 296b82653ae58645563a4c0a34d3c719f0780b47

COCOAPODS: 1.2.1
